
Microsoft Visual Studio Solution File, Format Version 12.00
# Visual Studio Version 17
VisualStudioVersion = 17.3.32922.545
MinimumVisualStudioVersion = 10.0.40219.1
Project("{FAE04EC0-301F-11D3-BF4B-00C04F79EFBC}") = "MIAPRLW1", "MIAPRLW1\MIAPRLW1.csproj", "{EB7A76D8-5B27-4B95-9F8E-DFD8210AC6BF}"
EndProject
Global
	GlobalSection(SolutionConfigurationPlatforms) = preSolution
		Debug|Any CPU = Debug|Any CPU
		Release|Any CPU = Release|Any CPU
	EndGlobalSection
	GlobalSection(ProjectConfigurationPlatforms) = postSolution
		{EB7A76D8-5B27-4B95-9F8E-DFD8210AC6BF}.Debug|Any CPU.ActiveCfg = Debug|Any CPU
		{EB7A76D8-5B27-4B95-9F8E-DFD8210AC6BF}.Debug|Any CPU.Build.0 = Debug|Any CPU
		{EB7A76D8-5B27-4B95-9F8E-DFD8210AC6BF}.Release|Any CPU.ActiveCfg = Release|Any CPU
		{EB7A76D8-5B27-4B95-9F8E-DFD8210AC6BF}.Release|Any CPU.Build.0 = Release|Any CPU
	EndGlobalSection
	GlobalSection(SolutionProperties) = preSolution
		HideSolutionNode = FALSE
	EndGlobalSection
	GlobalSection(ExtensibilityGlobals) = postSolution
		SolutionGuid = {CB8D9A86-6C3B-478D-A8D6-D48E399CADD8}
	EndGlobalSection
EndGlobal
